{
  "https://framer.com/m/Card-Vertical-vcfv.js@TWOCVQesO9tBYSGef6nD": { "resolved": "https://framerusercontent.com/modules/mOVLrh41txCi8KorABva/TWOCVQesO9tBYSGef6nD/Um4ap7wCK.js", "integrity": "ignore", "contentType": "text/javascript; charset=UTF-8" },
  "https://framer.com/m/Carousel-78Tm.js@62JKUOPctBiU5Ak59MHj": { "resolved": "https://framerusercontent.com/modules/dCcbiVQtYBfQMrFaovdh/62JKUOPctBiU5Ak59MHj/iusqhPEve.js", "integrity": "ignore", "contentType": "text/javascript; charset=UTF-8" },
  "https://framer.com/m/Carousel-78Tm.js@mOpzmOKa0uX9smAZdr7A": { "resolved": "https://framerusercontent.com/modules/dCcbiVQtYBfQMrFaovdh/mOpzmOKa0uX9smAZdr7A/iusqhPEve.js", "integrity": "ignore", "contentType": "text/javascript; charset=UTF-8" },
  "https://framer.com/m/Toggle-Yuir.js@GU8mDPeIcJ6B3wVsddYP": { "resolved": "https://framerusercontent.com/modules/2Kl9dbG63h2y2xI8YjsN/GU8mDPeIcJ6B3wVsddYP/eBVVjp93h.js", "integrity": "ignore", "contentType": "text/javascript; charset=UTF-8" },
  "https://framer.com/m/framer/icon-nullstate.js@0.7.0": { "resolved": "https://framerusercontent.com/modules/DyldKav0OOAWR3bCAlhK/8c3l9FzyOlGpbPncYhfc/nullstate.js", "integrity": "ignore", "contentType": "text/javascript; charset=UTF-8" },
  "https://framer.com/m/phosphor-icons/House.js@0.0.50": { "resolved": "https://framerusercontent.com/modules/Qc8yuHkQmGO0kFiSWbkX/LM9FyulJrdV0emvUt6Oc/House.js", "integrity": "ignore", "contentType": "text/javascript; charset=UTF-8" },
  "https://framerusercontent.com/modules/2Kl9dbG63h2y2xI8YjsN/GU8mDPeIcJ6B3wVsddYP/eBVVjp93h.js": { "integrity": "ignore", "contentType": "text/javascript; charset=UTF-8" },
  "https://framerusercontent.com/modules/AGQh5QCDeqY11Z4tqvgt/PoMg7bUWoPNIVGT213qL/mAd6vO_a6.js": { "integrity": "ignore", "contentType": "text/javascript; charset=UTF-8" },
  "https://framerusercontent.com/modules/Ma20hU0GGRxLxZphbywl/OSpwWF91FHPVFyQJjMHt/utils.js": { "integrity": "ignore", "contentType": "text/javascript; charset=UTF-8" },
  "https://framerusercontent.com/modules/PfgYpOKOBun7b0rWIqPi/BXBkSVcrgU0EvK6couou/ahLgTfCIP.js": { "integrity": "ignore", "contentType": "text/javascript; charset=UTF-8" },
  "https://framerusercontent.com/modules/dCcbiVQtYBfQMrFaovdh/62JKUOPctBiU5Ak59MHj/assets/1024/5eyZnGnXuTjC7QSXetgNynoIUVs.png": { "resolved": "https://framerusercontent.com/images/5eyZnGnXuTjC7QSXetgNynoIUVs.png?scale-down-to=1024", "integrity": "ignore", "contentType": "image/png" },
  "https://framerusercontent.com/modules/dCcbiVQtYBfQMrFaovdh/62JKUOPctBiU5Ak59MHj/assets/1024/ae8BXOnLxffeW2eK1gOzYaHamcg.png": { "resolved": "https://framerusercontent.com/images/ae8BXOnLxffeW2eK1gOzYaHamcg.png?scale-down-to=1024", "integrity": "ignore", "contentType": "image/png" },
  "https://framerusercontent.com/modules/dCcbiVQtYBfQMrFaovdh/62JKUOPctBiU5Ak59MHj/assets/1024/qbHqOg0OGj5UF9RlLFjgJMvF0oU.png": { "resolved": "https://framerusercontent.com/images/qbHqOg0OGj5UF9RlLFjgJMvF0oU.png?scale-down-to=1024", "integrity": "ignore", "contentType": "image/png" },
  "https://framerusercontent.com/modules/dCcbiVQtYBfQMrFaovdh/62JKUOPctBiU5Ak59MHj/assets/512/5eyZnGnXuTjC7QSXetgNynoIUVs.png": { "resolved": "https://framerusercontent.com/images/5eyZnGnXuTjC7QSXetgNynoIUVs.png?scale-down-to=512", "integrity": "ignore", "contentType": "image/png" },
  "https://framerusercontent.com/modules/dCcbiVQtYBfQMrFaovdh/62JKUOPctBiU5Ak59MHj/assets/512/ae8BXOnLxffeW2eK1gOzYaHamcg.png": { "resolved": "https://framerusercontent.com/images/ae8BXOnLxffeW2eK1gOzYaHamcg.png?scale-down-to=512", "integrity": "ignore", "contentType": "image/png" },
  "https://framerusercontent.com/modules/dCcbiVQtYBfQMrFaovdh/62JKUOPctBiU5Ak59MHj/assets/512/qbHqOg0OGj5UF9RlLFjgJMvF0oU.png": { "resolved": "https://framerusercontent.com/images/qbHqOg0OGj5UF9RlLFjgJMvF0oU.png?scale-down-to=512", "integrity": "ignore", "contentType": "image/png" },
  "https://framerusercontent.com/modules/dCcbiVQtYBfQMrFaovdh/62JKUOPctBiU5Ak59MHj/assets/5eyZnGnXuTjC7QSXetgNynoIUVs.png": { "resolved": "https://framerusercontent.com/images/5eyZnGnXuTjC7QSXetgNynoIUVs.png", "integrity": "ignore", "contentType": "image/png" },
  "https://framerusercontent.com/modules/dCcbiVQtYBfQMrFaovdh/62JKUOPctBiU5Ak59MHj/assets/ae8BXOnLxffeW2eK1gOzYaHamcg.png": { "resolved": "https://framerusercontent.com/images/ae8BXOnLxffeW2eK1gOzYaHamcg.png", "integrity": "ignore", "contentType": "image/png" },
  "https://framerusercontent.com/modules/dCcbiVQtYBfQMrFaovdh/62JKUOPctBiU5Ak59MHj/assets/qbHqOg0OGj5UF9RlLFjgJMvF0oU.png": { "resolved": "https://framerusercontent.com/images/qbHqOg0OGj5UF9RlLFjgJMvF0oU.png", "integrity": "ignore", "contentType": "image/png" },
  "https://framerusercontent.com/modules/dCcbiVQtYBfQMrFaovdh/mOpzmOKa0uX9smAZdr7A/assets/1024/5eyZnGnXuTjC7QSXetgNynoIUVs.png": { "resolved": "https://framerusercontent.com/images/5eyZnGnXuTjC7QSXetgNynoIUVs.png?scale-down-to=1024", "integrity": "ignore", "contentType": "image/png" },
  "https://framerusercontent.com/modules/dCcbiVQtYBfQMrFaovdh/mOpzmOKa0uX9smAZdr7A/assets/1024/ae8BXOnLxffeW2eK1gOzYaHamcg.png": { "resolved": "https://framerusercontent.com/images/ae8BXOnLxffeW2eK1gOzYaHamcg.png?scale-down-to=1024", "integrity": "ignore", "contentType": "image/png" },
  "https://framerusercontent.com/modules/dCcbiVQtYBfQMrFaovdh/mOpzmOKa0uX9smAZdr7A/assets/1024/qbHqOg0OGj5UF9RlLFjgJMvF0oU.png": { "resolved": "https://framerusercontent.com/images/qbHqOg0OGj5UF9RlLFjgJMvF0oU.png?scale-down-to=1024", "integrity": "ignore", "contentType": "image/png" },
  "https://framerusercontent.com/modules/dCcbiVQtYBfQMrFaovdh/mOpzmOKa0uX9smAZdr7A/assets/512/5eyZnGnXuTjC7QSXetgNynoIUVs.png": { "resolved": "https://framerusercontent.com/images/5eyZnGnXuTjC7QSXetgNynoIUVs.png?scale-down-to=512", "integrity": "ignore", "contentType": "image/png" },
  "https://framerusercontent.com/modules/dCcbiVQtYBfQMrFaovdh/mOpzmOKa0uX9smAZdr7A/assets/512/ae8BXOnLxffeW2eK1gOzYaHamcg.png": { "resolved": "https://framerusercontent.com/images/ae8BXOnLxffeW2eK1gOzYaHamcg.png?scale-down-to=512", "integrity": "ignore", "contentType": "image/png" },
  "https://framerusercontent.com/modules/dCcbiVQtYBfQMrFaovdh/mOpzmOKa0uX9smAZdr7A/assets/512/qbHqOg0OGj5UF9RlLFjgJMvF0oU.png": { "resolved": "https://framerusercontent.com/images/qbHqOg0OGj5UF9RlLFjgJMvF0oU.png?scale-down-to=512", "integrity": "ignore", "contentType": "image/png" },
  "https://framerusercontent.com/modules/dCcbiVQtYBfQMrFaovdh/mOpzmOKa0uX9smAZdr7A/assets/5eyZnGnXuTjC7QSXetgNynoIUVs.png": { "resolved": "https://framerusercontent.com/images/5eyZnGnXuTjC7QSXetgNynoIUVs.png", "integrity": "ignore", "contentType": "image/png" },
  "https://framerusercontent.com/modules/dCcbiVQtYBfQMrFaovdh/mOpzmOKa0uX9smAZdr7A/assets/ae8BXOnLxffeW2eK1gOzYaHamcg.png": { "resolved": "https://framerusercontent.com/images/ae8BXOnLxffeW2eK1gOzYaHamcg.png", "integrity": "ignore", "contentType": "image/png" },
  "https://framerusercontent.com/modules/dCcbiVQtYBfQMrFaovdh/mOpzmOKa0uX9smAZdr7A/assets/qbHqOg0OGj5UF9RlLFjgJMvF0oU.png": { "resolved": "https://framerusercontent.com/images/qbHqOg0OGj5UF9RlLFjgJMvF0oU.png", "integrity": "ignore", "contentType": "image/png" },
  "https://framerusercontent.com/modules/sRxWnZyFvoeiF0OrJmdg/VmIft7PJHuWprISlpe3Y/mAd6vO_a6.js": { "integrity": "ignore", "contentType": "text/javascript; charset=UTF-8" },
  "https://framerusercontent.com/modules/tYScH7LTqUtz5KUaUAYP/xUCuNdICT7LqG93nhqbM/Phosphor.js": { "integrity": "ignore", "contentType": "text/javascript; charset=UTF-8" },
  "version": 1
}
